
Microsoft Visual Studio Solution File, Format Version 12.00
# Visual Studio Version 16
VisualStudioVersion = 16.0.29326.143
MinimumVisualStudioVersion = 10.0.40219.1
Project("{9A19103F-16F7-4668-BE54-9A1E7A4F7556}") = "MoneySmart", "MoneySmart\MoneySmart.csproj", "{FD0C9ABE-03E6-4A4E-89AE-BB5ED748885C}"
EndProject
Project("{9A19103F-16F7-4668-BE54-9A1E7A4F7556}") = "MoneySmart.Tests", "MoneySmart.Tests\MoneySmart.Tests.csproj", "{A7CCF47C-7211-4A45-9709-9C9609CB83E9}"
EndProject
Project("{151D2E53-A2C4-4D7D-83FE-D05416EBD58E}") = "AzureResourceGroup", "AzureResourceGroup\AzureResourceGroup.deployproj", "{56C5B57B-02AA-425B-ADBE-112B0951854F}"
EndProject
Project("{9A19103F-16F7-4668-BE54-9A1E7A4F7556}") = "MoneySmart.IntegrationTests", "MoneySmart.IntegrationTests\MoneySmart.IntegrationTests.csproj", "{E4FAFB54-2344-4F8D-BB6B-EF968DBA3729}"
EndProject
Project("{00D1A9C2-B5F0-4AF3-8072-F6C62B433612}") = "MoneySmart.Database", "MoneySmart.Database\MoneySmart.Database.sqlproj", "{DAC2757A-C106-4064-BF11-924B71BD4925}"
EndProject
Global
	GlobalSection(SolutionConfigurationPlatforms) = preSolution
		Debug|Any CPU = Debug|Any CPU
		Release|Any CPU = Release|Any CPU
	EndGlobalSection
	GlobalSection(ProjectConfigurationPlatforms) = postSolution
		{FD0C9ABE-03E6-4A4E-89AE-BB5ED748885C}.Debug|Any CPU.ActiveCfg = Debug|Any CPU
		{FD0C9ABE-03E6-4A4E-89AE-BB5ED748885C}.Debug|Any CPU.Build.0 = Debug|Any CPU
		{FD0C9ABE-03E6-4A4E-89AE-BB5ED748885C}.Release|Any CPU.ActiveCfg = Release|Any CPU
		{FD0C9ABE-03E6-4A4E-89AE-BB5ED748885C}.Release|Any CPU.Build.0 = Release|Any CPU
		{A7CCF47C-7211-4A45-9709-9C9609CB83E9}.Debug|Any CPU.ActiveCfg = Debug|Any CPU
		{A7CCF47C-7211-4A45-9709-9C9609CB83E9}.Debug|Any CPU.Build.0 = Debug|Any CPU
		{A7CCF47C-7211-4A45-9709-9C9609CB83E9}.Release|Any CPU.ActiveCfg = Release|Any CPU
		{A7CCF47C-7211-4A45-9709-9C9609CB83E9}.Release|Any CPU.Build.0 = Release|Any CPU
		{56C5B57B-02AA-425B-ADBE-112B0951854F}.Debug|Any CPU.ActiveCfg = Debug|Any CPU
		{56C5B57B-02AA-425B-ADBE-112B0951854F}.Debug|Any CPU.Build.0 = Debug|Any CPU
		{56C5B57B-02AA-425B-ADBE-112B0951854F}.Release|Any CPU.ActiveCfg = Release|Any CPU
		{56C5B57B-02AA-425B-ADBE-112B0951854F}.Release|Any CPU.Build.0 = Release|Any CPU
		{E4FAFB54-2344-4F8D-BB6B-EF968DBA3729}.Debug|Any CPU.ActiveCfg = Debug|Any CPU
		{E4FAFB54-2344-4F8D-BB6B-EF968DBA3729}.Debug|Any CPU.Build.0 = Debug|Any CPU
		{E4FAFB54-2344-4F8D-BB6B-EF968DBA3729}.Release|Any CPU.ActiveCfg = Release|Any CPU
		{E4FAFB54-2344-4F8D-BB6B-EF968DBA3729}.Release|Any CPU.Build.0 = Release|Any CPU
		{DAC2757A-C106-4064-BF11-924B71BD4925}.Debug|Any CPU.ActiveCfg = Debug|Any CPU
		{DAC2757A-C106-4064-BF11-924B71BD4925}.Debug|Any CPU.Build.0 = Debug|Any CPU
		{DAC2757A-C106-4064-BF11-924B71BD4925}.Debug|Any CPU.Deploy.0 = Debug|Any CPU
		{DAC2757A-C106-4064-BF11-924B71BD4925}.Release|Any CPU.ActiveCfg = Release|Any CPU
		{DAC2757A-C106-4064-BF11-924B71BD4925}.Release|Any CPU.Build.0 = Release|Any CPU
		{DAC2757A-C106-4064-BF11-924B71BD4925}.Release|Any CPU.Deploy.0 = Release|Any CPU
	EndGlobalSection
	GlobalSection(SolutionProperties) = preSolution
		HideSolutionNode = FALSE
	EndGlobalSection
	GlobalSection(ExtensibilityGlobals) = postSolution
		SolutionGuid = {46286014-E48C-486C-8DEE-59D9BC05E700}
	EndGlobalSection
EndGlobal
